
Microsoft Visual Studio Solution File, Format Version 12.00
Project("{F2A71F9B-5D33-465A-A702-920D77279786}") = "Backend", "Backend\Backend.fsproj", "{0EE27E8E-0EBD-47C0-93B5-CBB6FB38BB0C}"
EndProject
Global
	GlobalSection(SolutionConfigurationPlatforms) = preSolution
		Debug|Any CPU = Debug|Any CPU
		Release|Any CPU = Release|Any CPU
	EndGlobalSection
	GlobalSection(ProjectConfigurationPlatforms) = postSolution
		{0EE27E8E-0EBD-47C0-93B5-CBB6FB38BB0C}.Debug|Any CPU.ActiveCfg = Debug|Any CPU
		{0EE27E8E-0EBD-47C0-93B5-CBB6FB38BB0C}.Debug|Any CPU.Build.0 = Debug|Any CPU
		{0EE27E8E-0EBD-47C0-93B5-CBB6FB38BB0C}.Release|Any CPU.ActiveCfg = Release|Any CPU
		{0EE27E8E-0EBD-47C0-93B5-CBB6FB38BB0C}.Release|Any CPU.Build.0 = Release|Any CPU
	EndGlobalSection
EndGlobal
